
Microsoft Visual Studio Solution File, Format Version 12.00
# Visual Studio Version 16
VisualStudioVersion = 16.0.31129.286
MinimumVisualStudioVersion = 10.0.40219.1
Project("{FAE04EC0-301F-11D3-BF4B-00C04F79EFBC}") = "WindowsFormsAppprodzekt", "WindowsFormsAppprodzekt.csproj", "{110A3B09-5AF4-4631-8100-A1A9709448FF}"
EndProject
Global
	GlobalSection(SolutionConfigurationPlatforms) = preSolution
		Debug|Any CPU = Debug|Any CPU
		Release|Any CPU = Release|Any CPU
	EndGlobalSection
	GlobalSection(ProjectConfigurationPlatforms) = postSolution
		{110A3B09-5AF4-4631-8100-A1A9709448FF}.Debug|Any CPU.ActiveCfg = Debug|Any CPU
		{110A3B09-5AF4-4631-8100-A1A9709448FF}.Debug|Any CPU.Build.0 = Debug|Any CPU
		{110A3B09-5AF4-4631-8100-A1A9709448FF}.Release|Any CPU.ActiveCfg = Release|Any CPU
		{110A3B09-5AF4-4631-8100-A1A9709448FF}.Release|Any CPU.Build.0 = Release|Any CPU
	EndGlobalSection
	GlobalSection(SolutionProperties) = preSolution
		HideSolutionNode = FALSE
	EndGlobalSection
	GlobalSection(ExtensibilityGlobals) = postSolution
		SolutionGuid = {18987D17-3F38-4590-A79E-05B64A3C99A3}
	EndGlobalSection
EndGlobal
